
Microsoft Visual Studio Solution File, Format Version 12.00
# Visual Studio Version 16
VisualStudioVersion = 16.0.30413.136
MinimumVisualStudioVersion = 10.0.40219.1
Project("{FAE04EC0-301F-11D3-BF4B-00C04F79EFBC}") = "LabColorPicker", "LabColorPickerAndClock\LabColorPicker.csproj", "{B9DB04DE-9061-4E24-9711-DB7B8E0A7434}"
EndProject
Project("{FAE04EC0-301F-11D3-BF4B-00C04F79EFBC}") = "TestControlApp", "TestControlApp\TestControlApp.csproj", "{545CE366-3FFE-4001-B252-33436E5A5447}"
EndProject
Project("{FAE04EC0-301F-11D3-BF4B-00C04F79EFBC}") = "CustomClock", "CustomClock\CustomClock.csproj", "{600B3B60-87F7-4D8A-A60D-A5CD44C569B5}"
EndProject
Project("{FAE04EC0-301F-11D3-BF4B-00C04F79EFBC}") = "CustomClock2", "CustomClock2\CustomClock2.csproj", "{5CCF78E8-E236-45CD-AF93-68C996446308}"
EndProject
Global
	GlobalSection(SolutionConfigurationPlatforms) = preSolution
		Debug|Any CPU = Debug|Any CPU
		Release|Any CPU = Release|Any CPU
	EndGlobalSection
	GlobalSection(ProjectConfigurationPlatforms) = postSolution
		{B9DB04DE-9061-4E24-9711-DB7B8E0A7434}.Debug|Any CPU.ActiveCfg = Debug|Any CPU
		{B9DB04DE-9061-4E24-9711-DB7B8E0A7434}.Debug|Any CPU.Build.0 = Debug|Any CPU
		{B9DB04DE-9061-4E24-9711-DB7B8E0A7434}.Release|Any CPU.ActiveCfg = Release|Any CPU
		{B9DB04DE-9061-4E24-9711-DB7B8E0A7434}.Release|Any CPU.Build.0 = Release|Any CPU
		{545CE366-3FFE-4001-B252-33436E5A5447}.Debug|Any CPU.ActiveCfg = Debug|Any CPU
		{545CE366-3FFE-4001-B252-33436E5A5447}.Debug|Any CPU.Build.0 = Debug|Any CPU
		{545CE366-3FFE-4001-B252-33436E5A5447}.Release|Any CPU.ActiveCfg = Release|Any CPU
		{545CE366-3FFE-4001-B252-33436E5A5447}.Release|Any CPU.Build.0 = Release|Any CPU
		{600B3B60-87F7-4D8A-A60D-A5CD44C569B5}.Debug|Any CPU.ActiveCfg = Debug|Any CPU
		{600B3B60-87F7-4D8A-A60D-A5CD44C569B5}.Debug|Any CPU.Build.0 = Debug|Any CPU
		{600B3B60-87F7-4D8A-A60D-A5CD44C569B5}.Release|Any CPU.ActiveCfg = Release|Any CPU
		{600B3B60-87F7-4D8A-A60D-A5CD44C569B5}.Release|Any CPU.Build.0 = Release|Any CPU
		{5CCF78E8-E236-45CD-AF93-68C996446308}.Debug|Any CPU.ActiveCfg = Debug|Any CPU
		{5CCF78E8-E236-45CD-AF93-68C996446308}.Debug|Any CPU.Build.0 = Debug|Any CPU
		{5CCF78E8-E236-45CD-AF93-68C996446308}.Release|Any CPU.ActiveCfg = Release|Any CPU
		{5CCF78E8-E236-45CD-AF93-68C996446308}.Release|Any CPU.Build.0 = Release|Any CPU
	EndGlobalSection
	GlobalSection(SolutionProperties) = preSolution
		HideSolutionNode = FALSE
	EndGlobalSection
	GlobalSection(ExtensibilityGlobals) = postSolution
		SolutionGuid = {D4DDB181-FEA2-48AF-8821-C4FFE82677AA}
	EndGlobalSection
EndGlobal
